
Microsoft Visual Studio Solution File, Format Version 12.00
# Visual Studio Version 17
VisualStudioVersion = 17.4.33103.184
MinimumVisualStudioVersion = 10.0.40219.1
Project("{FAE04EC0-301F-11D3-BF4B-00C04F79EFBC}") = "Application", "Application\Application.csproj", "{43EB0659-B7E4-4E94-A999-4F914816472D}"
EndProject
Project("{2150E333-8FDC-42A3-9474-1A3956D46DE8}") = "src", "src", "{3A4380D8-AA44-46F2-BC77-5865CCD05B62}"
EndProject
Project("{FAE04EC0-301F-11D3-BF4B-00C04F79EFBC}") = "Domain", "Domain\Domain.csproj", "{78467CC7-532B-4AD3-9F57-FA29843E5476}"
EndProject
Project("{FAE04EC0-301F-11D3-BF4B-00C04F79EFBC}") = "Infrastructure", "Infrastructure\Infrastructure.csproj", "{9493617D-00AE-4273-A174-F63D2D5581A6}"
EndProject
Project("{FAE04EC0-301F-11D3-BF4B-00C04F79EFBC}") = "WebAPI", "WebAPI\WebAPI.csproj", "{7D1978BF-EAD4-42CD-96F5-93CDECED1518}"
EndProject
Global
	GlobalSection(SolutionConfigurationPlatforms) = preSolution
		Debug|Any CPU = Debug|Any CPU
		Release|Any CPU = Release|Any CPU
	EndGlobalSection
	GlobalSection(ProjectConfigurationPlatforms) = postSolution
		{43EB0659-B7E4-4E94-A999-4F914816472D}.Debug|Any CPU.ActiveCfg = Debug|Any CPU
		{43EB0659-B7E4-4E94-A999-4F914816472D}.Debug|Any CPU.Build.0 = Debug|Any CPU
		{43EB0659-B7E4-4E94-A999-4F914816472D}.Release|Any CPU.ActiveCfg = Release|Any CPU
		{43EB0659-B7E4-4E94-A999-4F914816472D}.Release|Any CPU.Build.0 = Release|Any CPU
		{78467CC7-532B-4AD3-9F57-FA29843E5476}.Debug|Any CPU.ActiveCfg = Debug|Any CPU
		{78467CC7-532B-4AD3-9F57-FA29843E5476}.Debug|Any CPU.Build.0 = Debug|Any CPU
		{78467CC7-532B-4AD3-9F57-FA29843E5476}.Release|Any CPU.ActiveCfg = Release|Any CPU
		{78467CC7-532B-4AD3-9F57-FA29843E5476}.Release|Any CPU.Build.0 = Release|Any CPU
		{9493617D-00AE-4273-A174-F63D2D5581A6}.Debug|Any CPU.ActiveCfg = Debug|Any CPU
		{9493617D-00AE-4273-A174-F63D2D5581A6}.Debug|Any CPU.Build.0 = Debug|Any CPU
		{9493617D-00AE-4273-A174-F63D2D5581A6}.Release|Any CPU.ActiveCfg = Release|Any CPU
		{9493617D-00AE-4273-A174-F63D2D5581A6}.Release|Any CPU.Build.0 = Release|Any CPU
		{7D1978BF-EAD4-42CD-96F5-93CDECED1518}.Debug|Any CPU.ActiveCfg = Debug|Any CPU
		{7D1978BF-EAD4-42CD-96F5-93CDECED1518}.Debug|Any CPU.Build.0 = Debug|Any CPU
		{7D1978BF-EAD4-42CD-96F5-93CDECED1518}.Release|Any CPU.ActiveCfg = Release|Any CPU
		{7D1978BF-EAD4-42CD-96F5-93CDECED1518}.Release|Any CPU.Build.0 = Release|Any CPU
	EndGlobalSection
	GlobalSection(SolutionProperties) = preSolution
		HideSolutionNode = FALSE
	EndGlobalSection
	GlobalSection(NestedProjects) = preSolution
		{43EB0659-B7E4-4E94-A999-4F914816472D} = {3A4380D8-AA44-46F2-BC77-5865CCD05B62}
		{78467CC7-532B-4AD3-9F57-FA29843E5476} = {3A4380D8-AA44-46F2-BC77-5865CCD05B62}
		{9493617D-00AE-4273-A174-F63D2D5581A6} = {3A4380D8-AA44-46F2-BC77-5865CCD05B62}
		{7D1978BF-EAD4-42CD-96F5-93CDECED1518} = {3A4380D8-AA44-46F2-BC77-5865CCD05B62}
	EndGlobalSection
	GlobalSection(ExtensibilityGlobals) = postSolution
		SolutionGuid = {9A2ED17A-F160-4FC0-B5DD-EA87E069116C}
	EndGlobalSection
EndGlobal
